
Microsoft Visual Studio Solution File, Format Version 12.00
# Visual Studio Version 17
VisualStudioVersion = 17.14.36408.4 d17.14
MinimumVisualStudioVersion = 10.0.40219.1
Project("{FAE04EC0-301F-11D3-BF4B-00C04F79EFBC}") = "BooklyApi", "BooklyApi\BooklyApi.csproj", "{6B61EB23-3546-4444-821E-CE27555E3F4A}"
EndProject
Global
	GlobalSection(SolutionConfigurationPlatforms) = preSolution
		Debug|Any CPU = Debug|Any CPU
		Release|Any CPU = Release|Any CPU
	EndGlobalSection
	GlobalSection(ProjectConfigurationPlatforms) = postSolution
		{6B61EB23-3546-4444-821E-CE27555E3F4A}.Debug|Any CPU.ActiveCfg = Debug|Any CPU
		{6B61EB23-3546-4444-821E-CE27555E3F4A}.Debug|Any CPU.Build.0 = Debug|Any CPU
		{6B61EB23-3546-4444-821E-CE27555E3F4A}.Release|Any CPU.ActiveCfg = Release|Any CPU
		{6B61EB23-3546-4444-821E-CE27555E3F4A}.Release|Any CPU.Build.0 = Release|Any CPU
	EndGlobalSection
	GlobalSection(SolutionProperties) = preSolution
		HideSolutionNode = FALSE
	EndGlobalSection
	GlobalSection(ExtensibilityGlobals) = postSolution
		SolutionGuid = {CB54C7C4-E9C9-4BCC-A35E-3DB34DCE86AF}
	EndGlobalSection
EndGlobal
